// !$*UTF8*$!
{
	archiveVersion = 1;
	classes = {
	};
	objectVersion = 46;
	objects = {

/* Begin PBXBuildFile section */
		D026C0AD18EE85790017DD26 /* AppController.m in Sources */ = {isa = PBXBuildFile; fileRef = D026C0AC18EE85790017DD26 /* AppController.m */; };
		D026C0B118EE9B750017DD26 /* setupAssistantController.m in Sources */ = {isa = PBXBuildFile; fileRef = D026C0AF18EE9B750017DD26 /* setupAssistantController.m */; };
		D026C0B218EE9B750017DD26 /* setupAssistantController.xib in Resources */ = {isa = PBXBuildFile; fileRef = D026C0B018EE9B750017DD26 /* setupAssistantController.xib */; };
		D0C7B80C18EA812A008F4CB3 /* Cocoa.framework in Frameworks */ = {isa = PBXBuildFile; fileRef = D0C7B80B18EA812A008F4CB3 /* Cocoa.framework */; };
		D0C7B81618EA812A008F4CB3 /* InfoPlist.strings in Resources */ = {isa = PBXBuildFile; fileRef = D0C7B81418EA812A008F4CB3 /* InfoPlist.strings */; };
		D0C7B81818EA812A008F4CB3 /* main.m in Sources */ = {isa = PBXBuildFile; fileRef = D0C7B81718EA812A008F4CB3 /* main.m */; };
		D0C7B81C18EA812A008F4CB3 /* Credits.rtf in Resources */ = {isa = PBXBuildFile; fileRef = D0C7B81A18EA812A008F4CB3 /* Credits.rtf */; };
		D0C7B82218EA812A008F4CB3 /* MainMenu.xib in Resources */ = {isa = PBXBuildFile; fileRef = D0C7B82018EA812A008F4CB3 /* MainMenu.xib */; };
		D0C7B82518EA812A008F4CB3 /* Charcha.xcdatamodeld in Sources */ = {isa = PBXBuildFile; fileRef = D0C7B82318EA812A008F4CB3 /* Charcha.xcdatamodeld */; };
		D0C7B82718EA812A008F4CB3 /* Images.xcassets in Resources */ = {isa = PBXBuildFile; fileRef = D0C7B82618EA812A008F4CB3 /* Images.xcassets */; };
		D0C7B82E18EA812A008F4CB3 /* XCTest.framework in Frameworks */ = {isa = PBXBuildFile; fileRef = D0C7B82D18EA812A008F4CB3 /* XCTest.framework */; };
		D0C7B82F18EA812A008F4CB3 /* Cocoa.framework in Frameworks */ = {isa = PBXBuildFile; fileRef = D0C7B80B18EA812A008F4CB3 /* Cocoa.framework */; };
		D0C7B83718EA812A008F4CB3 /* InfoPlist.strings in Resources */ = {isa = PBXBuildFile; fileRef = D0C7B83518EA812A008F4CB3 /* InfoPlist.strings */; };
		D0C7B83918EA812A008F4CB3 /* CharchaTests.m in Sources */ = {isa = PBXBuildFile; fileRef = D0C7B83818EA812A008F4CB3 /* CharchaTests.m */; };
		D0C7B84318EA814A008F4CB3 /* WebKit.framework in Frameworks */ = {isa = PBXBuildFile; fileRef = D0C7B84218EA814A008F4CB3 /* WebKit.framework */; };
		D0C7B84518EA8150008F4CB3 /* Security.framework in Frameworks */ = {isa = PBXBuildFile; fileRef = D0C7B84418EA8150008F4CB3 /* Security.framework */; };
		D0C7B85018EA918F008F4CB3 /* Growl Registration Ticket.growlRegDict in Resources */ = {isa = PBXBuildFile; fileRef = D0C7B84F18EA918F008F4CB3 /* Growl Registration Ticket.growlRegDict */; };
		D0C7B85A18EADFBD008F4CB3 /* Readme.md in Resources */ = {isa = PBXBuildFile; fileRef = D0C7B85918EADFBD008F4CB3 /* Readme.md */; };
		D0C7B87018EC362A008F4CB3 /* Growl.framework in Frameworks */ = {isa = PBXBuildFile; fileRef = D0C7B86D18EC34F1008F4CB3 /* Growl.framework */; };
		D0C7B87218EC3980008F4CB3 /* Growl.framework in CopyFiles */ = {isa = PBXBuildFile; fileRef = D0C7B86D18EC34F1008F4CB3 /* Growl.framework */; };
		D0C7B87518ED5281008F4CB3 /* MainWindow.m in Sources */ = {isa = PBXBuildFile; fileRef = D0C7B87418ED5281008F4CB3 /* MainWindow.m */; };
/* End PBXBuildFile section */

/* Begin PBXContainerItemProxy section */
		D0C7B83018EA812A008F4CB3 /* PBXContainerItemProxy */ = {
			isa = PBXContainerItemProxy;
			containerPortal = D0C7B80018EA812A008F4CB3 /* Project object */;
			proxyType = 1;
			remoteGlobalIDString = D0C7B80718EA812A008F4CB3;
			remoteInfo = Charcha;
		};
/* End PBXContainerItemProxy section */

/* Begin PBXCopyFilesBuildPhase section */
		D0C7B87118EC3967008F4CB3 /* CopyFiles */ = {
			isa = PBXCopyFilesBuildPhase;
			buildActionMask = 2147483647;
			dstPath = "";
			dstSubfolderSpec = 10;
			files = (
				D0C7B87218EC3980008F4CB3 /* Growl.framework in CopyFiles */,
			);
			runOnlyForDeploymentPostprocessing = 0;
		};
/* End PBXCopyFilesBuildPhase section */

/* Begin PBXFileReference section */
		D026C0AB18EE85790017DD26 /* AppController.h */ = {isa = PBXFileReference; fileEncoding = 4; lastKnownFileType = sourcecode.c.h; path = AppController.h; sourceTree = "<group>"; };
		D026C0AC18EE85790017DD26 /* AppController.m */ = {isa = PBXFileReference; fileEncoding = 4; lastKnownFileType = sourcecode.c.objc; path = AppController.m; sourceTree = "<group>"; };
		D026C0AE18EE9B750017DD26 /* setupAssistantController.h */ = {isa = PBXFileReference; fileEncoding = 4; lastKnownFileType = sourcecode.c.h; name = setupAssistantController.h; path = Classes/setupAssistantController.h; sourceTree = "<group>"; };
		D026C0AF18EE9B750017DD26 /* setupAssistantController.m */ = {isa = PBXFileReference; fileEncoding = 4; lastKnownFileType = sourcecode.c.objc; name = setupAssistantController.m; path = Classes/setupAssistantController.m; sourceTree = "<group>"; };
		D026C0B018EE9B750017DD26 /* setupAssistantController.xib */ = {isa = PBXFileReference; fileEncoding = 4; lastKnownFileType = file.xib; name = setupAssistantController.xib; path = Classes/setupAssistantController.xib; sourceTree = "<group>"; };
		D0C7B80818EA812A008F4CB3 /* Charcha.app */ = {isa = PBXFileReference; explicitFileType = wrapper.application; includeInIndex = 0; path = Charcha.app; sourceTree = BUILT_PRODUCTS_DIR; };
		D0C7B80B18EA812A008F4CB3 /* Cocoa.framework */ = {isa = PBXFileReference; lastKnownFileType = wrapper.framework; name = Cocoa.framework; path = System/Library/Frameworks/Cocoa.framework; sourceTree = SDKROOT; };
		D0C7B80E18EA812A008F4CB3 /* AppKit.framework */ = {isa = PBXFileReference; lastKnownFileType = wrapper.framework; name = AppKit.framework; path = System/Library/Frameworks/AppKit.framework; sourceTree = SDKROOT; };
		D0C7B80F18EA812A008F4CB3 /* CoreData.framework */ = {isa = PBXFileReference; lastKnownFileType = wrapper.framework; name = CoreData.framework; path = System/Library/Frameworks/CoreData.framework; sourceTree = SDKROOT; };
		D0C7B81018EA812A008F4CB3 /* Foundation.framework */ = {isa = PBXFileReference; lastKnownFileType = wrapper.framework; name = Foundation.framework; path = System/Library/Frameworks/Foundation.framework; sourceTree = SDKROOT; };
		D0C7B81318EA812A008F4CB3 /* Charcha-Info.plist */ = {isa = PBXFileReference; lastKnownFileType = text.plist.xml; path = "Charcha-Info.plist"; sourceTree = "<group>"; };
		D0C7B81518EA812A008F4CB3 /* en */ = {isa = PBXFileReference; lastKnownFileType = text.plist.strings; name = en; path = en.lproj/InfoPlist.strings; sourceTree = "<group>"; };
		D0C7B81718EA812A008F4CB3 /* main.m */ = {isa = PBXFileReference; lastKnownFileType = sourcecode.c.objc; path = main.m; sourceTree = "<group>"; };
		D0C7B81918EA812A008F4CB3 /* Charcha-Prefix.pch */ = {isa = PBXFileReference; lastKnownFileType = sourcecode.c.h; path = "Charcha-Prefix.pch"; sourceTree = "<group>"; };
		D0C7B81B18EA812A008F4CB3 /* en */ = {isa = PBXFileReference; lastKnownFileType = text.rtf; name = en; path = en.lproj/Credits.rtf; sourceTree = "<group>"; };
		D0C7B82118EA812A008F4CB3 /* Base */ = {isa = PBXFileReference; lastKnownFileType = file.xib; name = Base; path = Base.lproj/MainMenu.xib; sourceTree = "<group>"; };
		D0C7B82418EA812A008F4CB3 /* Charcha.xcdatamodel */ = {isa = PBXFileReference; lastKnownFileType = wrapper.xcdatamodel; path = Charcha.xcdatamodel; sourceTree = "<group>"; };
		D0C7B82618EA812A008F4CB3 /* Images.xcassets */ = {isa = PBXFileReference; lastKnownFileType = folder.assetcatalog; name = Images.xcassets; path = Charcha/Images.xcassets; sourceTree = "<group>"; };
		D0C7B82C18EA812A008F4CB3 /* CharchaTests.xctest */ = {isa = PBXFileReference; explicitFileType = wrapper.cfbundle; includeInIndex = 0; path = CharchaTests.xctest; sourceTree = BUILT_PRODUCTS_DIR; };
		D0C7B82D18EA812A008F4CB3 /* XCTest.framework */ = {isa = PBXFileReference; lastKnownFileType = wrapper.framework; name = XCTest.framework; path = Library/Frameworks/XCTest.framework; sourceTree = DEVELOPER_DIR; };
		D0C7B83418EA812A008F4CB3 /* CharchaTests-Info.plist */ = {isa = PBXFileReference; lastKnownFileType = text.plist.xml; path = "CharchaTests-Info.plist"; sourceTree = "<group>"; };
		D0C7B83618EA812A008F4CB3 /* en */ = {isa = PBXFileReference; lastKnownFileType = text.plist.strings; name = en; path = en.lproj/InfoPlist.strings; sourceTree = "<group>"; };
		D0C7B83818EA812A008F4CB3 /* CharchaTests.m */ = {isa = PBXFileReference; lastKnownFileType = sourcecode.c.objc; path = CharchaTests.m; sourceTree = "<group>"; };
		D0C7B84218EA814A008F4CB3 /* WebKit.framework */ = {isa = PBXFileReference; lastKnownFileType = wrapper.framework; name = WebKit.framework; path = System/Library/Frameworks/WebKit.framework; sourceTree = SDKROOT; };
		D0C7B84418EA8150008F4CB3 /* Security.framework */ = {isa = PBXFileReference; lastKnownFileType = wrapper.framework; name = Security.framework; path = System/Library/Frameworks/Security.framework; sourceTree = SDKROOT; };
		D0C7B84618EA816E008F4CB3 /* Charcha.entitlements */ = {isa = PBXFileReference; lastKnownFileType = text.xml; name = Charcha.entitlements; path = Charcha/Charcha.entitlements; sourceTree = "<group>"; };
		D0C7B84F18EA918F008F4CB3 /* Growl Registration Ticket.growlRegDict */ = {isa = PBXFileReference; fileEncoding = 4; lastKnownFileType = text.xml; path = "Growl Registration Ticket.growlRegDict"; sourceTree = "<group>"; };
		D0C7B85918EADFBD008F4CB3 /* Readme.md */ = {isa = PBXFileReference; fileEncoding = 4; lastKnownFileType = text; path = Readme.md; sourceTree = "<group>"; };
		D0C7B86D18EC34F1008F4CB3 /* Growl.framework */ = {isa = PBXFileReference; lastKnownFileType = wrapper.framework; path = Growl.framework; sourceTree = "<group>"; };
		D0C7B87318ED5281008F4CB3 /* MainWindow.h */ = {isa = PBXFileReference; fileEncoding = 4; lastKnownFileType = sourcecode.c.h; name = MainWindow.h; path = Classes/MainWindow.h; sourceTree = "<group>"; };
		D0C7B87418ED5281008F4CB3 /* MainWindow.m */ = {isa = PBXFileReference; fileEncoding = 4; lastKnownFileType = sourcecode.c.objc; name = MainWindow.m; path = Classes/MainWindow.m; sourceTree = "<group>"; };
/* End PBXFileReference section */

/* Begin PBXFrameworksBuildPhase section */
		D0C7B80518EA812A008F4CB3 /* Frameworks */ = {
			isa = PBXFrameworksBuildPhase;
			buildActionMask = 2147483647;
			files = (
				D0C7B87018EC362A008F4CB3 /* Growl.framework in Frameworks */,
				D0C7B84518EA8150008F4CB3 /* Security.framework in Frameworks */,
				D0C7B84318EA814A008F4CB3 /* WebKit.framework in Frameworks */,
				D0C7B80C18EA812A008F4CB3 /* Cocoa.framework in Frameworks */,
			);
			runOnlyForDeploymentPostprocessing = 0;
		};
		D0C7B82918EA812A008F4CB3 /* Frameworks */ = {
			isa = PBXFrameworksBuildPhase;
			buildActionMask = 2147483647;
			files = (
				D0C7B82F18EA812A008F4CB3 /* Cocoa.framework in Frameworks */,
				D0C7B82E18EA812A008F4CB3 /* XCTest.framework in Frameworks */,
			);
			runOnlyForDeploymentPostprocessing = 0;
		};
/* End PBXFrameworksBuildPhase section */

/* Begin PBXGroup section */
		D026C0AA18EE834A0017DD26 /* Bundled Frameworks */ = {
			isa = PBXGroup;
			children = (
				D0C7B86D18EC34F1008F4CB3 /* Growl.framework */,
			);
			name = "Bundled Frameworks";
			sourceTree = "<group>";
		};
		D0C7B7FF18EA812A008F4CB3 = {
			isa = PBXGroup;
			children = (
				D0C7B81118EA812A008F4CB3 /* Controllers */,
				D0C7B85D18EAF285008F4CB3 /* Library */,
				D0C7B81218EA812A008F4CB3 /* Supporting Files */,
				D0C7B84718EA81EF008F4CB3 /* Resources */,
				D0C7B84818EA8B20008F4CB3 /* Other */,
				D0C7B83218EA812A008F4CB3 /* CharchaTests */,
				D0C7B80A18EA812A008F4CB3 /* Frameworks */,
				D0C7B80918EA812A008F4CB3 /* Products */,
			);
			sourceTree = "<group>";
		};
		D0C7B80918EA812A008F4CB3 /* Products */ = {
			isa = PBXGroup;
			children = (
				D0C7B80818EA812A008F4CB3 /* Charcha.app */,
				D0C7B82C18EA812A008F4CB3 /* CharchaTests.xctest */,
			);
			name = Products;
			sourceTree = "<group>";
		};
		D0C7B80A18EA812A008F4CB3 /* Frameworks */ = {
			isa = PBXGroup;
			children = (
				D0C7B84418EA8150008F4CB3 /* Security.framework */,
				D0C7B84218EA814A008F4CB3 /* WebKit.framework */,
				D0C7B80B18EA812A008F4CB3 /* Cocoa.framework */,
				D0C7B82D18EA812A008F4CB3 /* XCTest.framework */,
				D0C7B80D18EA812A008F4CB3 /* Other Frameworks */,
				D026C0AA18EE834A0017DD26 /* Bundled Frameworks */,
			);
			name = Frameworks;
			sourceTree = "<group>";
		};
		D0C7B80D18EA812A008F4CB3 /* Other Frameworks */ = {
			isa = PBXGroup;
			children = (
				D0C7B80E18EA812A008F4CB3 /* AppKit.framework */,
				D0C7B80F18EA812A008F4CB3 /* CoreData.framework */,
				D0C7B81018EA812A008F4CB3 /* Foundation.framework */,
			);
			name = "Other Frameworks";
			sourceTree = "<group>";
		};
		D0C7B81118EA812A008F4CB3 /* Controllers */ = {
			isa = PBXGroup;
			children = (
				D026C0AB18EE85790017DD26 /* AppController.h */,
				D026C0AC18EE85790017DD26 /* AppController.m */,
				D0C7B86018EBCDF5008F4CB3 /* SetupAssistant */,
				D0C7B87618ED528E008F4CB3 /* MainWindow */,
				D0C7B85718EAAB3B008F4CB3 /* Preferences */,
			);
			name = Controllers;
			path = Charcha;
			sourceTree = "<group>";
		};
		D0C7B81218EA812A008F4CB3 /* Supporting Files */ = {
			isa = PBXGroup;
			children = (
				D0C7B81318EA812A008F4CB3 /* Charcha-Info.plist */,
				D0C7B81418EA812A008F4CB3 /* InfoPlist.strings */,
				D0C7B81718EA812A008F4CB3 /* main.m */,
				D0C7B81918EA812A008F4CB3 /* Charcha-Prefix.pch */,
			);
			name = "Supporting Files";
			path = Charcha;
			sourceTree = "<group>";
		};
		D0C7B83218EA812A008F4CB3 /* CharchaTests */ = {
			isa = PBXGroup;
			children = (
				D0C7B83818EA812A008F4CB3 /* CharchaTests.m */,
				D0C7B83318EA812A008F4CB3 /* Supporting Files */,
			);
			path = CharchaTests;
			sourceTree = "<group>";
		};
		D0C7B83318EA812A008F4CB3 /* Supporting Files */ = {
			isa = PBXGroup;
			children = (
				D0C7B83418EA812A008F4CB3 /* CharchaTests-Info.plist */,
				D0C7B83518EA812A008F4CB3 /* InfoPlist.strings */,
			);
			name = "Supporting Files";
			sourceTree = "<group>";
		};
		D0C7B84718EA81EF008F4CB3 /* Resources */ = {
			isa = PBXGroup;
			children = (
				D0C7B84F18EA918F008F4CB3 /* Growl Registration Ticket.growlRegDict */,
				D0C7B84618EA816E008F4CB3 /* Charcha.entitlements */,
				D0C7B82318EA812A008F4CB3 /* Charcha.xcdatamodeld */,
				D0C7B82618EA812A008F4CB3 /* Images.xcassets */,
				D0C7B82018EA812A008F4CB3 /* MainMenu.xib */,
			);
			name = Resources;
			sourceTree = "<group>";
		};
		D0C7B84818EA8B20008F4CB3 /* Other */ = {
			isa = PBXGroup;
			children = (
				D0C7B81A18EA812A008F4CB3 /* Credits.rtf */,
				D0C7B85918EADFBD008F4CB3 /* Readme.md */,
			);
			name = Other;
			sourceTree = "<group>";
		};
		D0C7B85718EAAB3B008F4CB3 /* Preferences */ = {
			isa = PBXGroup;
			children = (
			);
			name = Preferences;
			sourceTree = "<group>";
		};
		D0C7B85D18EAF285008F4CB3 /* Library */ = {
			isa = PBXGroup;
			children = (
				D0C7B85F18EAF2A5008F4CB3 /* Network */,
				D0C7B85E18EAF29C008F4CB3 /* IRC */,
			);
			name = Library;
			sourceTree = "<group>";
		};
		D0C7B85E18EAF29C008F4CB3 /* IRC */ = {
			isa = PBXGroup;
			children = (
			);
			name = IRC;
			sourceTree = "<group>";
		};
		D0C7B85F18EAF2A5008F4CB3 /* Network */ = {
			isa = PBXGroup;
			children = (
			);
			name = Network;
			sourceTree = "<group>";
		};
		D0C7B86018EBCDF5008F4CB3 /* SetupAssistant */ = {
			isa = PBXGroup;
			children = (
				D026C0AE18EE9B750017DD26 /* setupAssistantController.h */,
				D026C0AF18EE9B750017DD26 /* setupAssistantController.m */,
				D026C0B018EE9B750017DD26 /* setupAssistantController.xib */,
			);
			name = SetupAssistant;
			sourceTree = "<group>";
		};
		D0C7B87618ED528E008F4CB3 /* MainWindow */ = {
			isa = PBXGroup;
			children = (
				D0C7B87318ED5281008F4CB3 /* MainWindow.h */,
				D0C7B87418ED5281008F4CB3 /* MainWindow.m */,
			);
			name = MainWindow;
			sourceTree = "<group>";
		};
/* End PBXGroup section */

/* Begin PBXNativeTarget section */
		D0C7B80718EA812A008F4CB3 /* Charcha */ = {
			isa = PBXNativeTarget;
			buildConfigurationList = D0C7B83C18EA812A008F4CB3 /* Build configuration list for PBXNativeTarget "Charcha" */;
			buildPhases = (
				D0C7B80418EA812A008F4CB3 /* Sources */,
				D0C7B80518EA812A008F4CB3 /* Frameworks */,
				D0C7B80618EA812A008F4CB3 /* Resources */,
				D0C7B87118EC3967008F4CB3 /* CopyFiles */,
			);
			buildRules = (
			);
			dependencies = (
			);
			name = Charcha;
			productName = Charcha;
			productReference = D0C7B80818EA812A008F4CB3 /* Charcha.app */;
			productType = "com.apple.product-type.application";
		};
		D0C7B82B18EA812A008F4CB3 /* CharchaTests */ = {
			isa = PBXNativeTarget;
			buildConfigurationList = D0C7B83F18EA812A008F4CB3 /* Build configuration list for PBXNativeTarget "CharchaTests" */;
			buildPhases = (
				D0C7B82818EA812A008F4CB3 /* Sources */,
				D0C7B82918EA812A008F4CB3 /* Frameworks */,
				D0C7B82A18EA812A008F4CB3 /* Resources */,
			);
			buildRules = (
			);
			dependencies = (
				D0C7B83118EA812A008F4CB3 /* PBXTargetDependency */,
			);
			name = CharchaTests;
			productName = CharchaTests;
			productReference = D0C7B82C18EA812A008F4CB3 /* CharchaTests.xctest */;
			productType = "com.apple.product-type.bundle.unit-test";
		};
/* End PBXNativeTarget section */

/* Begin PBXProject section */
		D0C7B80018EA812A008F4CB3 /* Project object */ = {
			isa = PBXProject;
			attributes = {
				CLASSPREFIX = Charcha;
				LastUpgradeCheck = 0500;
				ORGANIZATIONNAME = "Parthasarathi Susarla";
				TargetAttributes = {
					D0C7B80718EA812A008F4CB3 = {
						SystemCapabilities = {
							com.apple.Sandbox = {
								enabled = 1;
							};
						};
					};
					D0C7B82B18EA812A008F4CB3 = {
						TestTargetID = D0C7B80718EA812A008F4CB3;
					};
				};
			};
			buildConfigurationList = D0C7B80318EA812A008F4CB3 /* Build configuration list for PBXProject "Charcha" */;
			compatibilityVersion = "Xcode 3.2";
			developmentRegion = English;
			hasScannedForEncodings = 0;
			knownRegions = (
				en,
				Base,
			);
			mainGroup = D0C7B7FF18EA812A008F4CB3;
			productRefGroup = D0C7B80918EA812A008F4CB3 /* Products */;
			projectDirPath = "";
			projectRoot = "";
			targets = (
				D0C7B80718EA812A008F4CB3 /* Charcha */,
				D0C7B82B18EA812A008F4CB3 /* CharchaTests */,
			);
		};
/* End PBXProject section */

/* Begin PBXResourcesBuildPhase section */
		D0C7B80618EA812A008F4CB3 /* Resources */ = {
			isa = PBXResourcesBuildPhase;
			buildActionMask = 2147483647;
			files = (
				D026C0B218EE9B750017DD26 /* setupAssistantController.xib in Resources */,
				D0C7B85A18EADFBD008F4CB3 /* Readme.md in Resources */,
				D0C7B81618EA812A008F4CB3 /* InfoPlist.strings in Resources */,
				D0C7B82718EA812A008F4CB3 /* Images.xcassets in Resources */,
				D0C7B85018EA918F008F4CB3 /* Growl Registration Ticket.growlRegDict in Resources */,
				D0C7B81C18EA812A008F4CB3 /* Credits.rtf in Resources */,
				D0C7B82218EA812A008F4CB3 /* MainMenu.xib in Resources */,
			);
			runOnlyForDeploymentPostprocessing = 0;
		};
		D0C7B82A18EA812A008F4CB3 /* Resources */ = {
			isa = PBXResourcesBuildPhase;
			buildActionMask = 2147483647;
			files = (
				D0C7B83718EA812A008F4CB3 /* InfoPlist.strings in Resources */,
			);
			runOnlyForDeploymentPostprocessing = 0;
		};
/* End PBXResourcesBuildPhase section */

/* Begin PBXSourcesBuildPhase section */
		D0C7B80418EA812A008F4CB3 /* Sources */ = {
			isa = PBXSourcesBuildPhase;
			buildActionMask = 2147483647;
			files = (
				D0C7B81818EA812A008F4CB3 /* main.m in Sources */,
				D0C7B87518ED5281008F4CB3 /* MainWindow.m in Sources */,
				D0C7B82518EA812A008F4CB3 /* Charcha.xcdatamodeld in Sources */,
				D026C0B118EE9B750017DD26 /* setupAssistantController.m in Sources */,
				D026C0AD18EE85790017DD26 /* AppController.m in Sources */,
			);
			runOnlyForDeploymentPostprocessing = 0;
		};
		D0C7B82818EA812A008F4CB3 /* Sources */ = {
			isa = PBXSourcesBuildPhase;
			buildActionMask = 2147483647;
			files = (
				D0C7B83918EA812A008F4CB3 /* CharchaTests.m in Sources */,
			);
			runOnlyForDeploymentPostprocessing = 0;
		};
/* End PBXSourcesBuildPhase section */

/* Begin PBXTargetDependency section */
		D0C7B83118EA812A008F4CB3 /* PBXTargetDependency */ = {
			isa = PBXTargetDependency;
			target = D0C7B80718EA812A008F4CB3 /* Charcha */;
			targetProxy = D0C7B83018EA812A008F4CB3 /* PBXContainerItemProxy */;
		};
/* End PBXTargetDependency section */

/* Begin PBXVariantGroup section */
		D0C7B81418EA812A008F4CB3 /* InfoPlist.strings */ = {
			isa = PBXVariantGroup;
			children = (
				D0C7B81518EA812A008F4CB3 /* en */,
			);
			name = InfoPlist.strings;
			sourceTree = "<group>";
		};
		D0C7B81A18EA812A008F4CB3 /* Credits.rtf */ = {
			isa = PBXVariantGroup;
			children = (
				D0C7B81B18EA812A008F4CB3 /* en */,
			);
			name = Credits.rtf;
			path = Charcha;
			sourceTree = "<group>";
		};
		D0C7B82018EA812A008F4CB3 /* MainMenu.xib */ = {
			isa = PBXVariantGroup;
			children = (
				D0C7B82118EA812A008F4CB3 /* Base */,
			);
			name = MainMenu.xib;
			path = Charcha;
			sourceTree = "<group>";
		};
		D0C7B83518EA812A008F4CB3 /* InfoPlist.strings */ = {
			isa = PBXVariantGroup;
			children = (
				D0C7B83618EA812A008F4CB3 /* en */,
			);
			name = InfoPlist.strings;
			sourceTree = "<group>";
		};
/* End PBXVariantGroup section */

/* Begin XCBuildConfiguration section */
		D0C7B83A18EA812A008F4CB3 /* Debug */ = {
			isa = XCBuildConfiguration;
			buildSettings = {
				ALWAYS_SEARCH_USER_PATHS = NO;
				CLANG_CXX_LANGUAGE_STANDARD = "gnu++0x";
				CLANG_CXX_LIBRARY = "libc++";
				CLANG_ENABLE_OBJC_ARC = YES;
				CLANG_WARN_BOOL_CONVERSION = YES;
				CLANG_WARN_CONSTANT_CONVERSION = YES;
				CLANG_WARN_DIRECT_OBJC_ISA_USAGE = YES_ERROR;
				CLANG_WARN_EMPTY_BODY = YES;
				CLANG_WARN_ENUM_CONVERSION = YES;
				CLANG_WARN_INT_CONVERSION = YES;
				CLANG_WARN_OBJC_ROOT_CLASS = YES_ERROR;
				CLANG_WARN__DUPLICATE_METHOD_MATCH = YES;
				COPY_PHASE_STRIP = NO;
				GCC_C_LANGUAGE_STANDARD = gnu99;
				GCC_DYNAMIC_NO_PIC = NO;
				GCC_ENABLE_OBJC_EXCEPTIONS = YES;
				GCC_OPTIMIZATION_LEVEL = 0;
				GCC_PREPROCESSOR_DEFINITIONS = (
					"DEBUG=1",
					"$(inherited)",
				);
				GCC_SYMBOLS_PRIVATE_EXTERN = NO;
				GCC_WARN_64_TO_32_BIT_CONVERSION = YES;
				GCC_WARN_ABOUT_RETURN_TYPE = YES_ERROR;
				GCC_WARN_UNDECLARED_SELECTOR = YES;
				GCC_WARN_UNINITIALIZED_AUTOS = YES;
				GCC_WARN_UNUSED_FUNCTION = YES;
				GCC_WARN_UNUSED_VARIABLE = YES;
				MACOSX_DEPLOYMENT_TARGET = 10.9;
				ONLY_ACTIVE_ARCH = YES;
				SDKROOT = macosx;
			};
			name = Debug;
		};
		D0C7B83B18EA812A008F4CB3 /* Release */ = {
			isa = XCBuildConfiguration;
			buildSettings = {
				ALWAYS_SEARCH_USER_PATHS = NO;
				CLANG_CXX_LANGUAGE_STANDARD = "gnu++0x";
				CLANG_CXX_LIBRARY = "libc++";
				CLANG_ENABLE_OBJC_ARC = YES;
				CLANG_WARN_BOOL_CONVERSION = YES;
				CLANG_WARN_CONSTANT_CONVERSION = YES;
				CLANG_WARN_DIRECT_OBJC_ISA_USAGE = YES_ERROR;
				CLANG_WARN_EMPTY_BODY = YES;
				CLANG_WARN_ENUM_CONVERSION = YES;
				CLANG_WARN_INT_CONVERSION = YES;
				CLANG_WARN_OBJC_ROOT_CLASS = YES_ERROR;
				CLANG_WARN__DUPLICATE_METHOD_MATCH = YES;
				COPY_PHASE_STRIP = YES;
				DEBUG_INFORMATION_FORMAT = "dwarf-with-dsym";
				ENABLE_NS_ASSERTIONS = NO;
				GCC_C_LANGUAGE_STANDARD = gnu99;
				GCC_ENABLE_OBJC_EXCEPTIONS = YES;
				GCC_WARN_64_TO_32_BIT_CONVERSION = YES;
				GCC_WARN_ABOUT_RETURN_TYPE = YES_ERROR;
				GCC_WARN_UNDECLARED_SELECTOR = YES;
				GCC_WARN_UNINITIALIZED_AUTOS = YES;
				GCC_WARN_UNUSED_FUNCTION = YES;
				GCC_WARN_UNUSED_VARIABLE = YES;
				MACOSX_DEPLOYMENT_TARGET = 10.9;
				SDKROOT = macosx;
			};
			name = Release;
		};
		D0C7B83D18EA812A008F4CB3 /* Debug */ = {
			isa = XCBuildConfiguration;
			buildSettings = {
				ASSETCATALOG_COMPILER_APPICON_NAME = AppIcon;
				CODE_SIGN_ENTITLEMENTS = Charcha/Charcha.entitlements;
				CODE_SIGN_IDENTITY = "-";
				COMBINE_HIDPI_IMAGES = YES;
				FRAMEWORK_SEARCH_PATHS = (
					"$(inherited)",
					/Users/ajaysusarla/Projects/Charcha,
				);
				GCC_PRECOMPILE_PREFIX_HEADER = YES;
				GCC_PREFIX_HEADER = "Charcha/Charcha-Prefix.pch";
				INFOPLIST_FILE = "Charcha/Charcha-Info.plist";
				LIBRARY_SEARCH_PATHS = "$(inherited)";
				PRODUCT_NAME = "$(TARGET_NAME)";
				WRAPPER_EXTENSION = app;
			};
			name = Debug;
		};
		D0C7B83E18EA812A008F4CB3 /* Release */ = {
			isa = XCBuildConfiguration;
			buildSettings = {
				ASSETCATALOG_COMPILER_APPICON_NAME = AppIcon;
				CODE_SIGN_ENTITLEMENTS = Charcha/Charcha.entitlements;
				CODE_SIGN_IDENTITY = "-";
				COMBINE_HIDPI_IMAGES = YES;
				FRAMEWORK_SEARCH_PATHS = (
					"$(inherited)",
					/Users/ajaysusarla/Projects/Charcha,
				);
				GCC_PRECOMPILE_PREFIX_HEADER = YES;
				GCC_PREFIX_HEADER = "Charcha/Charcha-Prefix.pch";
				INFOPLIST_FILE = "Charcha/Charcha-Info.plist";
				LIBRARY_SEARCH_PATHS = "$(inherited)";
				PRODUCT_NAME = "$(TARGET_NAME)";
				WRAPPER_EXTENSION = app;
			};
			name = Release;
		};
		D0C7B84018EA812A008F4CB3 /* Debug */ = {
			isa = XCBuildConfiguration;
			buildSettings = {
				BUNDLE_LOADER = "$(BUILT_PRODUCTS_DIR)/Charcha.app/Contents/MacOS/Charcha";
				COMBINE_HIDPI_IMAGES = YES;
				FRAMEWORK_SEARCH_PATHS = (
					"$(DEVELOPER_FRAMEWORKS_DIR)",
					"$(inherited)",
				);
				GCC_PRECOMPILE_PREFIX_HEADER = YES;
				GCC_PREFIX_HEADER = "Charcha/Charcha-Prefix.pch";
				GCC_PREPROCESSOR_DEFINITIONS = (
					"DEBUG=1",
					"$(inherited)",
				);
				INFOPLIST_FILE = "CharchaTests/CharchaTests-Info.plist";
				PRODUCT_NAME = "$(TARGET_NAME)";
				TEST_HOST = "$(BUNDLE_LOADER)";
				WRAPPER_EXTENSION = xctest;
			};
			name = Debug;
		};
		D0C7B84118EA812A008F4CB3 /* Release */ = {
			isa = XCBuildConfiguration;
			buildSettings = {
				BUNDLE_LOADER = "$(BUILT_PRODUCTS_DIR)/Charcha.app/Contents/MacOS/Charcha";
				COMBINE_HIDPI_IMAGES = YES;
				FRAMEWORK_SEARCH_PATHS = (
					"$(DEVELOPER_FRAMEWORKS_DIR)",
					"$(inherited)",
				);
				GCC_PRECOMPILE_PREFIX_HEADER = YES;
				GCC_PREFIX_HEADER = "Charcha/Charcha-Prefix.pch";
				INFOPLIST_FILE = "CharchaTests/CharchaTests-Info.plist";
				PRODUCT_NAME = "$(TARGET_NAME)";
				TEST_HOST = "$(BUNDLE_LOADER)";
				WRAPPER_EXTENSION = xctest;
			};
			name = Release;
		};
/* End XCBuildConfiguration section */

/* Begin XCConfigurationList section */
		D0C7B80318EA812A008F4CB3 /* Build configuration list for PBXProject "Charcha" */ = {
			isa = XCConfigurationList;
			buildConfigurations = (
				D0C7B83A18EA812A008F4CB3 /* Debug */,
				D0C7B83B18EA812A008F4CB3 /* Release */,
			);
			defaultConfigurationIsVisible = 0;
			defaultConfigurationName = Release;
		};
		D0C7B83C18EA812A008F4CB3 /* Build configuration list for PBXNativeTarget "Charcha" */ = {
			isa = XCConfigurationList;
			buildConfigurations = (
				D0C7B83D18EA812A008F4CB3 /* Debug */,
				D0C7B83E18EA812A008F4CB3 /* Release */,
			);
			defaultConfigurationIsVisible = 0;
			defaultConfigurationName = Release;
		};
		D0C7B83F18EA812A008F4CB3 /* Build configuration list for PBXNativeTarget "CharchaTests" */ = {
			isa = XCConfigurationList;
			buildConfigurations = (
				D0C7B84018EA812A008F4CB3 /* Debug */,
				D0C7B84118EA812A008F4CB3 /* Release */,
			);
			defaultConfigurationIsVisible = 0;
			defaultConfigurationName = Release;
		};
/* End XCConfigurationList section */

/* Begin XCVersionGroup section */
		D0C7B82318EA812A008F4CB3 /* Charcha.xcdatamodeld */ = {
			isa = XCVersionGroup;
			children = (
				D0C7B82418EA812A008F4CB3 /* Charcha.xcdatamodel */,
			);
			currentVersion = D0C7B82418EA812A008F4CB3 /* Charcha.xcdatamodel */;
			name = Charcha.xcdatamodeld;
			path = Charcha/Charcha.xcdatamodeld;
			sourceTree = "<group>";
			versionGroupType = wrapper.xcdatamodel;
		};
/* End XCVersionGroup section */
	};
	rootObject = D0C7B80018EA812A008F4CB3 /* Project object */;
}
